<?xml version="1.0" encoding="utf-8"?>
<Project ToolsVersion="4.0" xmlns="http://schemas.microsoft.com/developer/msbuild/2003">
  <ItemGroup>
    <Filter Include="Resource Files">
      <UniqueIdentifier>{67DA6AB6-F800-4c08-8B7A-83BB121AAD01}</UniqueIdentifier>
      <Extensions>rc;ico;cur;bmp;dlg;rc2;rct;bin;rgs;gif;jpg;jpeg;jpe;resx;tiff;tif;png;wav;mfcribbon-ms</Extensions>
    </Filter>
    <Filter Include="Entities">
      <UniqueIdentifier>{e7df565d-da63-4e50-a9b3-b16c7a1ebe95}</UniqueIdentifier>
    </Filter>
    <Filter Include="Catalogs">
      <UniqueIdentifier>{fae9b825-22f4-49d0-be82-cf06621e5f49}</UniqueIdentifier>
    </Filter>
    <Filter Include="Utils">
      <UniqueIdentifier>{ce185d50-d793-4f92-bedc-d9d5951b6215}</UniqueIdentifier>
    </Filter>
    <Filter Include="Generator">
      <UniqueIdentifier>{fdf7c76f-1f3e-4b33-bad5-6697bd665594}</UniqueIdentifier>
    </Filter>
    <Filter Include="DB">
      <UniqueIdentifier>{2573ac05-3989-48d2-860c-047f0979a74a}</UniqueIdentifier>
    </Filter>
  </ItemGroup>
  <ItemGroup>
    <ClCompile Include="Class.cpp">
      <Filter>Entities</Filter>
    </ClCompile>
    <ClCompile Include="ClassHour.cpp">
      <Filter>Entities</Filter>
    </ClCompile>
    <ClCompile Include="Location.cpp">
      <Filter>Entities</Filter>
    </ClCompile>
    <ClCompile Include="Subject.cpp">
      <Filter>Entities</Filter>
    </ClCompile>
    <ClCompile Include="Teacher.cpp">
      <Filter>Entities</Filter>
    </ClCompile>
    <ClCompile Include="Catalog.cpp">
      <Filter>Catalogs</Filter>
    </ClCompile>
    <ClCompile Include="TimetableGenerator.cpp">
      <Filter>Generator</Filter>
    </ClCompile>
    <ClCompile Include="Random.cpp">
      <Filter>Utils</Filter>
    </ClCompile>
    <ClCompile Include="main.cpp" />
    <ClCompile Include="stdafx.cpp" />
    <ClCompile Include="TimetableConfig.cpp">
      <Filter>Generator</Filter>
    </ClCompile>
    <ClCompile Include="Database.cpp">
      <Filter>DB</Filter>
    </ClCompile>
  </ItemGroup>
  <ItemGroup>
    <Text Include="input.txt">
      <Filter>Resource Files</Filter>
    </Text>
  </ItemGroup>
  <ItemGroup>
    <ClInclude Include="Class.h">
      <Filter>Entities</Filter>
    </ClInclude>
    <ClInclude Include="ClassHour.h">
      <Filter>Entities</Filter>
    </ClInclude>
    <ClInclude Include="Entity.h">
      <Filter>Entities</Filter>
    </ClInclude>
    <ClInclude Include="EntityWithCatalog.h">
      <Filter>Entities</Filter>
    </ClInclude>
    <ClInclude Include="Location.h">
      <Filter>Entities</Filter>
    </ClInclude>
    <ClInclude Include="Subject.h">
      <Filter>Entities</Filter>
    </ClInclude>
    <ClInclude Include="Teacher.h">
      <Filter>Entities</Filter>
    </ClInclude>
    <ClInclude Include="Catalog.h">
      <Filter>Catalogs</Filter>
    </ClInclude>
    <ClInclude Include="TimetableGenerator.h">
      <Filter>Generator</Filter>
    </ClInclude>
    <ClInclude Include="Random.h">
      <Filter>Utils</Filter>
    </ClInclude>
    <ClInclude Include="Time.h">
      <Filter>Utils</Filter>
    </ClInclude>
    <ClInclude Include="stdafx.h" />
    <ClInclude Include="EntityWithName.h">
      <Filter>Entities</Filter>
    </ClInclude>
    <ClInclude Include="TimetableConfig.h">
      <Filter>Generator</Filter>
    </ClInclude>
    <ClInclude Include="Database.h">
      <Filter>DB</Filter>
    </ClInclude>
  </ItemGroup>
  <ItemGroup>
    <None Include="input.json">
      <Filter>Resource Files</Filter>
    </None>
    <None Include="in.json">
      <Filter>Resource Files</Filter>
    </None>
    <None Include="out.json">
      <Filter>Resource Files</Filter>
    </None>
    <None Include="ClassDiagram.cd" />
  </ItemGroup>
</Project>